// !$*UTF8*$!
{
	archiveVersion = 1;
	classes = {
	};
	objectVersion = 56;
	objects = {

/* Begin PBXBuildFile section */
		543F04722B19F99100099E41 /* CoinModel.swift in Sources */ = {isa = PBXBuildFile; fileRef = 543F04712B19F99100099E41 /* CoinModel.swift */; };
		543F04742B1A1EDF00099E41 /* CoinRowView.swift in Sources */ = {isa = PBXBuildFile; fileRef = 543F04732B1A1EDF00099E41 /* CoinRowView.swift */; };
		543F04762B1A1F3800099E41 /* PreviewProvider.swift in Sources */ = {isa = PBXBuildFile; fileRef = 543F04752B1A1F3800099E41 /* PreviewProvider.swift */; };
		543F04782B1A249300099E41 /* Double.swift in Sources */ = {isa = PBXBuildFile; fileRef = 543F04772B1A249300099E41 /* Double.swift */; };
		54531A6F2B2B0E150090807E /* HapticManager.swift in Sources */ = {isa = PBXBuildFile; fileRef = 54531A6E2B2B0E150090807E /* HapticManager.swift */; };
		548BF73B2B1B52FD002DEED6 /* HomeViewModel.swift in Sources */ = {isa = PBXBuildFile; fileRef = 548BF73A2B1B52FD002DEED6 /* HomeViewModel.swift */; };
		548BF73E2B1C920B002DEED6 /* CoinDataService.swift in Sources */ = {isa = PBXBuildFile; fileRef = 548BF73D2B1C920B002DEED6 /* CoinDataService.swift */; };
		548BF7412B1DBD09002DEED6 /* NetworkingManager.swift in Sources */ = {isa = PBXBuildFile; fileRef = 548BF7402B1DBD09002DEED6 /* NetworkingManager.swift */; };
		548BF7472B1EFA86002DEED6 /* CoinImageView.swift in Sources */ = {isa = PBXBuildFile; fileRef = 548BF7462B1EFA86002DEED6 /* CoinImageView.swift */; };
		548BF7492B1F01F1002DEED6 /* CoinImageService.swift in Sources */ = {isa = PBXBuildFile; fileRef = 548BF7482B1F01F1002DEED6 /* CoinImageService.swift */; };
		548BF74B2B1F0836002DEED6 /* CoinImageViewModel.swift in Sources */ = {isa = PBXBuildFile; fileRef = 548BF74A2B1F0836002DEED6 /* CoinImageViewModel.swift */; };
		54F16BEC2B27581D00C6E8AA /* MarketDataService.swift in Sources */ = {isa = PBXBuildFile; fileRef = 54F16BEB2B27581D00C6E8AA /* MarketDataService.swift */; };
		54F16BEE2B27583100C6E8AA /* MarketDataModel.swift in Sources */ = {isa = PBXBuildFile; fileRef = 54F16BED2B27583100C6E8AA /* MarketDataModel.swift */; };
		54F16BF12B282C1700C6E8AA /* PortfolioView.swift in Sources */ = {isa = PBXBuildFile; fileRef = 54F16BF02B282C1700C6E8AA /* PortfolioView.swift */; };
		54F16BF32B28351300C6E8AA /* XMarkButton.swift in Sources */ = {isa = PBXBuildFile; fileRef = 54F16BF22B28351300C6E8AA /* XMarkButton.swift */; };
		54F16BF52B28866F00C6E8AA /* CoinLogoView.swift in Sources */ = {isa = PBXBuildFile; fileRef = 54F16BF42B28866F00C6E8AA /* CoinLogoView.swift */; };
		54F16BFC2B29975300C6E8AA /* PortfolioContainer.xcdatamodeld in Sources */ = {isa = PBXBuildFile; fileRef = 54F16BF92B29975300C6E8AA /* PortfolioContainer.xcdatamodeld */; };
		54F16BFE2B29986700C6E8AA /* PortfolioDataService.swift in Sources */ = {isa = PBXBuildFile; fileRef = 54F16BFD2B29986700C6E8AA /* PortfolioDataService.swift */; };
		54F640822B20965E00F3882E /* LocalFileManager.swift in Sources */ = {isa = PBXBuildFile; fileRef = 54F640812B20965E00F3882E /* LocalFileManager.swift */; };
		54F640842B217BDE00F3882E /* SearchBarView.swift in Sources */ = {isa = PBXBuildFile; fileRef = 54F640832B217BDE00F3882E /* SearchBarView.swift */; };
		54F640862B21818600F3882E /* UIApplication.swift in Sources */ = {isa = PBXBuildFile; fileRef = 54F640852B21818600F3882E /* UIApplication.swift */; };
		54F640A32B247C1F00F3882E /* StatisticModel.swift in Sources */ = {isa = PBXBuildFile; fileRef = 54F640A22B247C1E00F3882E /* StatisticModel.swift */; };
		54F640A52B247E5800F3882E /* StatisticView.swift in Sources */ = {isa = PBXBuildFile; fileRef = 54F640A42B247E5800F3882E /* StatisticView.swift */; };
		54F640A72B2483DF00F3882E /* HomeStatsView.swift in Sources */ = {isa = PBXBuildFile; fileRef = 54F640A62B2483DF00F3882E /* HomeStatsView.swift */; };
		54FC5BE22B175E9D004863D4 /* SwiftuiCryptoApp.swift in Sources */ = {isa = PBXBuildFile; fileRef = 54FC5BE12B175E9D004863D4 /* SwiftuiCryptoApp.swift */; };
		54FC5BE42B175E9D004863D4 /* ContentView.swift in Sources */ = {isa = PBXBuildFile; fileRef = 54FC5BE32B175E9D004863D4 /* ContentView.swift */; };
		54FC5BE62B175E9E004863D4 /* Assets.xcassets in Resources */ = {isa = PBXBuildFile; fileRef = 54FC5BE52B175E9E004863D4 /* Assets.xcassets */; };
		54FC5BE92B175E9E004863D4 /* Preview Assets.xcassets in Resources */ = {isa = PBXBuildFile; fileRef = 54FC5BE82B175E9E004863D4 /* Preview Assets.xcassets */; };
		54FC5BF32B176493004863D4 /* Color.swift in Sources */ = {isa = PBXBuildFile; fileRef = 54FC5BF22B176493004863D4 /* Color.swift */; };
		54FC5BF92B18A560004863D4 /* HomeView.swift in Sources */ = {isa = PBXBuildFile; fileRef = 54FC5BF82B18A560004863D4 /* HomeView.swift */; };
		54FC5BFD2B18A749004863D4 /* CircleButtonView.swift in Sources */ = {isa = PBXBuildFile; fileRef = 54FC5BFC2B18A749004863D4 /* CircleButtonView.swift */; };
		54FC5BFF2B18CCBD004863D4 /* CircleButtonAnimationView.swift in Sources */ = {isa = PBXBuildFile; fileRef = 54FC5BFE2B18CCBD004863D4 /* CircleButtonAnimationView.swift */; };
/* End PBXBuildFile section */

/* Begin PBXFileReference section */
		543F04712B19F99100099E41 /* CoinModel.swift */ = {isa = PBXFileReference; lastKnownFileType = sourcecode.swift; path = CoinModel.swift; sourceTree = "<group>"; };
		543F04732B1A1EDF00099E41 /* CoinRowView.swift */ = {isa = PBXFileReference; lastKnownFileType = sourcecode.swift; path = CoinRowView.swift; sourceTree = "<group>"; };
		543F04752B1A1F3800099E41 /* PreviewProvider.swift */ = {isa = PBXFileReference; lastKnownFileType = sourcecode.swift; path = PreviewProvider.swift; sourceTree = "<group>"; };
		543F04772B1A249300099E41 /* Double.swift */ = {isa = PBXFileReference; lastKnownFileType = sourcecode.swift; path = Double.swift; sourceTree = "<group>"; };
		54531A6E2B2B0E150090807E /* HapticManager.swift */ = {isa = PBXFileReference; lastKnownFileType = sourcecode.swift; path = HapticManager.swift; sourceTree = "<group>"; };
		548BF73A2B1B52FD002DEED6 /* HomeViewModel.swift */ = {isa = PBXFileReference; lastKnownFileType = sourcecode.swift; path = HomeViewModel.swift; sourceTree = "<group>"; };
		548BF73D2B1C920B002DEED6 /* CoinDataService.swift */ = {isa = PBXFileReference; lastKnownFileType = sourcecode.swift; path = CoinDataService.swift; sourceTree = "<group>"; };
		548BF7402B1DBD09002DEED6 /* NetworkingManager.swift */ = {isa = PBXFileReference; lastKnownFileType = sourcecode.swift; path = NetworkingManager.swift; sourceTree = "<group>"; };
		548BF7462B1EFA86002DEED6 /* CoinImageView.swift */ = {isa = PBXFileReference; lastKnownFileType = sourcecode.swift; path = CoinImageView.swift; sourceTree = "<group>"; };
		548BF7482B1F01F1002DEED6 /* CoinImageService.swift */ = {isa = PBXFileReference; lastKnownFileType = sourcecode.swift; path = CoinImageService.swift; sourceTree = "<group>"; };
		548BF74A2B1F0836002DEED6 /* CoinImageViewModel.swift */ = {isa = PBXFileReference; lastKnownFileType = sourcecode.swift; path = CoinImageViewModel.swift; sourceTree = "<group>"; };
		54F16BEB2B27581D00C6E8AA /* MarketDataService.swift */ = {isa = PBXFileReference; lastKnownFileType = sourcecode.swift; path = MarketDataService.swift; sourceTree = "<group>"; };
		54F16BED2B27583100C6E8AA /* MarketDataModel.swift */ = {isa = PBXFileReference; lastKnownFileType = sourcecode.swift; path = MarketDataModel.swift; sourceTree = "<group>"; };
		54F16BF02B282C1700C6E8AA /* PortfolioView.swift */ = {isa = PBXFileReference; lastKnownFileType = sourcecode.swift; path = PortfolioView.swift; sourceTree = "<group>"; };
		54F16BF22B28351300C6E8AA /* XMarkButton.swift */ = {isa = PBXFileReference; lastKnownFileType = sourcecode.swift; path = XMarkButton.swift; sourceTree = "<group>"; };
		54F16BF42B28866F00C6E8AA /* CoinLogoView.swift */ = {isa = PBXFileReference; lastKnownFileType = sourcecode.swift; path = CoinLogoView.swift; sourceTree = "<group>"; };
		54F16BFA2B29975300C6E8AA /* PortfolioContainer.xcdatamodel */ = {isa = PBXFileReference; lastKnownFileType = wrapper.xcdatamodel; path = PortfolioContainer.xcdatamodel; sourceTree = "<group>"; };
		54F16BFB2B29975300C6E8AA /* Model.xcdatamodel */ = {isa = PBXFileReference; lastKnownFileType = wrapper.xcdatamodel; path = Model.xcdatamodel; sourceTree = "<group>"; };
		54F16BFD2B29986700C6E8AA /* PortfolioDataService.swift */ = {isa = PBXFileReference; lastKnownFileType = sourcecode.swift; path = PortfolioDataService.swift; sourceTree = "<group>"; };
		54F640812B20965E00F3882E /* LocalFileManager.swift */ = {isa = PBXFileReference; lastKnownFileType = sourcecode.swift; path = LocalFileManager.swift; sourceTree = "<group>"; };
		54F640832B217BDE00F3882E /* SearchBarView.swift */ = {isa = PBXFileReference; lastKnownFileType = sourcecode.swift; path = SearchBarView.swift; sourceTree = "<group>"; };
		54F640852B21818600F3882E /* UIApplication.swift */ = {isa = PBXFileReference; lastKnownFileType = sourcecode.swift; path = UIApplication.swift; sourceTree = "<group>"; };
		54F640A22B247C1E00F3882E /* StatisticModel.swift */ = {isa = PBXFileReference; lastKnownFileType = sourcecode.swift; path = StatisticModel.swift; sourceTree = "<group>"; };
		54F640A42B247E5800F3882E /* StatisticView.swift */ = {isa = PBXFileReference; lastKnownFileType = sourcecode.swift; path = StatisticView.swift; sourceTree = "<group>"; };
		54F640A62B2483DF00F3882E /* HomeStatsView.swift */ = {isa = PBXFileReference; lastKnownFileType = sourcecode.swift; path = HomeStatsView.swift; sourceTree = "<group>"; };
		54FC5BDE2B175E9D004863D4 /* SwiftuiCrypto.app */ = {isa = PBXFileReference; explicitFileType = wrapper.application; includeInIndex = 0; path = SwiftuiCrypto.app; sourceTree = BUILT_PRODUCTS_DIR; };
		54FC5BE12B175E9D004863D4 /* SwiftuiCryptoApp.swift */ = {isa = PBXFileReference; lastKnownFileType = sourcecode.swift; path = SwiftuiCryptoApp.swift; sourceTree = "<group>"; };
		54FC5BE32B175E9D004863D4 /* ContentView.swift */ = {isa = PBXFileReference; lastKnownFileType = sourcecode.swift; path = ContentView.swift; sourceTree = "<group>"; };
		54FC5BE52B175E9E004863D4 /* Assets.xcassets */ = {isa = PBXFileReference; lastKnownFileType = folder.assetcatalog; path = Assets.xcassets; sourceTree = "<group>"; };
		54FC5BE82B175E9E004863D4 /* Preview Assets.xcassets */ = {isa = PBXFileReference; lastKnownFileType = folder.assetcatalog; path = "Preview Assets.xcassets"; sourceTree = "<group>"; };
		54FC5BF22B176493004863D4 /* Color.swift */ = {isa = PBXFileReference; lastKnownFileType = sourcecode.swift; path = Color.swift; sourceTree = "<group>"; };
		54FC5BF82B18A560004863D4 /* HomeView.swift */ = {isa = PBXFileReference; lastKnownFileType = sourcecode.swift; path = HomeView.swift; sourceTree = "<group>"; };
		54FC5BFC2B18A749004863D4 /* CircleButtonView.swift */ = {isa = PBXFileReference; lastKnownFileType = sourcecode.swift; path = CircleButtonView.swift; sourceTree = "<group>"; };
		54FC5BFE2B18CCBD004863D4 /* CircleButtonAnimationView.swift */ = {isa = PBXFileReference; lastKnownFileType = sourcecode.swift; path = CircleButtonAnimationView.swift; sourceTree = "<group>"; };
/* End PBXFileReference section */

/* Begin PBXFrameworksBuildPhase section */
		54FC5BDB2B175E9D004863D4 /* Frameworks */ = {
			isa = PBXFrameworksBuildPhase;
			buildActionMask = 2147483647;
			files = (
			);
			runOnlyForDeploymentPostprocessing = 0;
		};
/* End PBXFrameworksBuildPhase section */

/* Begin PBXGroup section */
		543F04702B19F95700099E41 /* Models */ = {
			isa = PBXGroup;
			children = (
				543F04712B19F99100099E41 /* CoinModel.swift */,
				54F640A22B247C1E00F3882E /* StatisticModel.swift */,
				54F16BED2B27583100C6E8AA /* MarketDataModel.swift */,
				54F16BF92B29975300C6E8AA /* PortfolioContainer.xcdatamodeld */,
			);
			path = Models;
			sourceTree = "<group>";
		};
		548BF73C2B1C9196002DEED6 /* Services */ = {
			isa = PBXGroup;
			children = (
				548BF73D2B1C920B002DEED6 /* CoinDataService.swift */,
				548BF7482B1F01F1002DEED6 /* CoinImageService.swift */,
				54F16BEB2B27581D00C6E8AA /* MarketDataService.swift */,
				54F16BFD2B29986700C6E8AA /* PortfolioDataService.swift */,
			);
			path = Services;
			sourceTree = "<group>";
		};
		548BF73F2B1DBCC1002DEED6 /* Utilties */ = {
			isa = PBXGroup;
			children = (
				54F640812B20965E00F3882E /* LocalFileManager.swift */,
				548BF7402B1DBD09002DEED6 /* NetworkingManager.swift */,
				54531A6E2B2B0E150090807E /* HapticManager.swift */,
			);
			path = Utilties;
			sourceTree = "<group>";
		};
		548BF7452B1EFA70002DEED6 /* CoinImage */ = {
			isa = PBXGroup;
			children = (
				548BF7462B1EFA86002DEED6 /* CoinImageView.swift */,
				548BF74A2B1F0836002DEED6 /* CoinImageViewModel.swift */,
				54F16BF42B28866F00C6E8AA /* CoinLogoView.swift */,
			);
			path = CoinImage;
			sourceTree = "<group>";
		};
		54FC5BD52B175E9D004863D4 = {
			isa = PBXGroup;
			children = (
				54FC5BE02B175E9D004863D4 /* SwiftuiCrypto */,
				54FC5BDF2B175E9D004863D4 /* Products */,
			);
			sourceTree = "<group>";
		};
		54FC5BDF2B175E9D004863D4 /* Products */ = {
			isa = PBXGroup;
			children = (
				54FC5BDE2B175E9D004863D4 /* SwiftuiCrypto.app */,
			);
			name = Products;
			sourceTree = "<group>";
		};
		54FC5BE02B175E9D004863D4 /* SwiftuiCrypto */ = {
			isa = PBXGroup;
			children = (
				54FC5BE12B175E9D004863D4 /* SwiftuiCryptoApp.swift */,
				548BF73F2B1DBCC1002DEED6 /* Utilties */,
				54FC5BF12B176477004863D4 /* Extensions */,
				548BF73C2B1C9196002DEED6 /* Services */,
				543F04702B19F95700099E41 /* Models */,
				54FC5BF42B18A4E2004863D4 /* Core */,
				54FC5BE32B175E9D004863D4 /* ContentView.swift */,
				54FC5BE52B175E9E004863D4 /* Assets.xcassets */,
				54FC5BE72B175E9E004863D4 /* Preview Content */,
			);
			path = SwiftuiCrypto;
			sourceTree = "<group>";
		};
		54FC5BE72B175E9E004863D4 /* Preview Content */ = {
			isa = PBXGroup;
			children = (
				54FC5BE82B175E9E004863D4 /* Preview Assets.xcassets */,
			);
			path = "Preview Content";
			sourceTree = "<group>";
		};
		54FC5BF12B176477004863D4 /* Extensions */ = {
			isa = PBXGroup;
			children = (
				54FC5BF22B176493004863D4 /* Color.swift */,
				543F04752B1A1F3800099E41 /* PreviewProvider.swift */,
				543F04772B1A249300099E41 /* Double.swift */,
				54F640852B21818600F3882E /* UIApplication.swift */,
			);
			path = Extensions;
			sourceTree = "<group>";
		};
		54FC5BF42B18A4E2004863D4 /* Core */ = {
			isa = PBXGroup;
			children = (
				54FC5BFA2B18A700004863D4 /* Components */,
				54FC5BF52B18A521004863D4 /* Home */,
			);
			path = Core;
			sourceTree = "<group>";
		};
		54FC5BF52B18A521004863D4 /* Home */ = {
			isa = PBXGroup;
			children = (
				54FC5BF72B18A54A004863D4 /* ViewModels */,
				54FC5BF62B18A534004863D4 /* Views */,
			);
			path = Home;
			sourceTree = "<group>";
		};
		54FC5BF62B18A534004863D4 /* Views */ = {
			isa = PBXGroup;
			children = (
				54FC5BF82B18A560004863D4 /* HomeView.swift */,
				54F640A62B2483DF00F3882E /* HomeStatsView.swift */,
				543F04732B1A1EDF00099E41 /* CoinRowView.swift */,
				54F16BF02B282C1700C6E8AA /* PortfolioView.swift */,
			);
			path = Views;
			sourceTree = "<group>";
		};
		54FC5BF72B18A54A004863D4 /* ViewModels */ = {
			isa = PBXGroup;
			children = (
				548BF73A2B1B52FD002DEED6 /* HomeViewModel.swift */,
			);
			path = ViewModels;
			sourceTree = "<group>";
		};
		54FC5BFA2B18A700004863D4 /* Components */ = {
			isa = PBXGroup;
			children = (
				548BF7452B1EFA70002DEED6 /* CoinImage */,
				54FC5BFB2B18A733004863D4 /* CircleButton */,
				54F640832B217BDE00F3882E /* SearchBarView.swift */,
				54F640A42B247E5800F3882E /* StatisticView.swift */,
				54F16BF22B28351300C6E8AA /* XMarkButton.swift */,
			);
			path = Components;
			sourceTree = "<group>";
		};
		54FC5BFB2B18A733004863D4 /* CircleButton */ = {
			isa = PBXGroup;
			children = (
				54FC5BFC2B18A749004863D4 /* CircleButtonView.swift */,
				54FC5BFE2B18CCBD004863D4 /* CircleButtonAnimationView.swift */,
			);
			path = CircleButton;
			sourceTree = "<group>";
		};
/* End PBXGroup section */

/* Begin PBXNativeTarget section */
		54FC5BDD2B175E9D004863D4 /* SwiftuiCrypto */ = {
			isa = PBXNativeTarget;
			buildConfigurationList = 54FC5BEC2B175E9E004863D4 /* Build configuration list for PBXNativeTarget "SwiftuiCrypto" */;
			buildPhases = (
				54FC5BDA2B175E9D004863D4 /* Sources */,
				54FC5BDB2B175E9D004863D4 /* Frameworks */,
				54FC5BDC2B175E9D004863D4 /* Resources */,
			);
			buildRules = (
			);
			dependencies = (
			);
			name = SwiftuiCrypto;
			productName = SwiftuiCrypto;
			productReference = 54FC5BDE2B175E9D004863D4 /* SwiftuiCrypto.app */;
			productType = "com.apple.product-type.application";
		};
/* End PBXNativeTarget section */

/* Begin PBXProject section */
		54FC5BD62B175E9D004863D4 /* Project object */ = {
			isa = PBXProject;
			attributes = {
				BuildIndependentTargetsInParallel = 1;
				LastSwiftUpdateCheck = 1500;
				LastUpgradeCheck = 1500;
				TargetAttributes = {
					54FC5BDD2B175E9D004863D4 = {
						CreatedOnToolsVersion = 15.0;
					};
				};
			};
			buildConfigurationList = 54FC5BD92B175E9D004863D4 /* Build configuration list for PBXProject "SwiftuiCrypto" */;
			compatibilityVersion = "Xcode 14.0";
			developmentRegion = en;
			hasScannedForEncodings = 0;
			knownRegions = (
				en,
				Base,
			);
			mainGroup = 54FC5BD52B175E9D004863D4;
			productRefGroup = 54FC5BDF2B175E9D004863D4 /* Products */;
			projectDirPath = "";
			projectRoot = "";
			targets = (
				54FC5BDD2B175E9D004863D4 /* SwiftuiCrypto */,
			);
		};
/* End PBXProject section */

/* Begin PBXResourcesBuildPhase section */
		54FC5BDC2B175E9D004863D4 /* Resources */ = {
			isa = PBXResourcesBuildPhase;
			buildActionMask = 2147483647;
			files = (
				54FC5BE92B175E9E004863D4 /* Preview Assets.xcassets in Resources */,
				54FC5BE62B175E9E004863D4 /* Assets.xcassets in Resources */,
			);
			runOnlyForDeploymentPostprocessing = 0;
		};
/* End PBXResourcesBuildPhase section */

/* Begin PBXSourcesBuildPhase section */
		54FC5BDA2B175E9D004863D4 /* Sources */ = {
			isa = PBXSourcesBuildPhase;
			buildActionMask = 2147483647;
			files = (
				54F16BFC2B29975300C6E8AA /* PortfolioContainer.xcdatamodeld in Sources */,
				54F640A32B247C1F00F3882E /* StatisticModel.swift in Sources */,
				54F16BEC2B27581D00C6E8AA /* MarketDataService.swift in Sources */,
				548BF73E2B1C920B002DEED6 /* CoinDataService.swift in Sources */,
				54F16BF32B28351300C6E8AA /* XMarkButton.swift in Sources */,
				543F04742B1A1EDF00099E41 /* CoinRowView.swift in Sources */,
				548BF73B2B1B52FD002DEED6 /* HomeViewModel.swift in Sources */,
				54FC5BE42B175E9D004863D4 /* ContentView.swift in Sources */,
				54F640822B20965E00F3882E /* LocalFileManager.swift in Sources */,
				54F16BEE2B27583100C6E8AA /* MarketDataModel.swift in Sources */,
				54FC5BF92B18A560004863D4 /* HomeView.swift in Sources */,
				54F640A52B247E5800F3882E /* StatisticView.swift in Sources */,
				548BF7472B1EFA86002DEED6 /* CoinImageView.swift in Sources */,
				54FC5BE22B175E9D004863D4 /* SwiftuiCryptoApp.swift in Sources */,
				54F640862B21818600F3882E /* UIApplication.swift in Sources */,
				54FC5BFD2B18A749004863D4 /* CircleButtonView.swift in Sources */,
				54531A6F2B2B0E150090807E /* HapticManager.swift in Sources */,
				54FC5BF32B176493004863D4 /* Color.swift in Sources */,
				54F640842B217BDE00F3882E /* SearchBarView.swift in Sources */,
				54F16BF52B28866F00C6E8AA /* CoinLogoView.swift in Sources */,
				548BF7412B1DBD09002DEED6 /* NetworkingManager.swift in Sources */,
				54F640A72B2483DF00F3882E /* HomeStatsView.swift in Sources */,
				54FC5BFF2B18CCBD004863D4 /* CircleButtonAnimationView.swift in Sources */,
				548BF74B2B1F0836002DEED6 /* CoinImageViewModel.swift in Sources */,
				543F04762B1A1F3800099E41 /* PreviewProvider.swift in Sources */,
				54F16BF12B282C1700C6E8AA /* PortfolioView.swift in Sources */,
				543F04782B1A249300099E41 /* Double.swift in Sources */,
				548BF7492B1F01F1002DEED6 /* CoinImageService.swift in Sources */,
				543F04722B19F99100099E41 /* CoinModel.swift in Sources */,
				54F16BFE2B29986700C6E8AA /* PortfolioDataService.swift in Sources */,
			);
			runOnlyForDeploymentPostprocessing = 0;
		};
/* End PBXSourcesBuildPhase section */

/* Begin XCBuildConfiguration section */
		54FC5BEA2B175E9E004863D4 /* Debug */ = {
			isa = XCBuildConfiguration;
			buildSettings = {
				ALWAYS_SEARCH_USER_PATHS = NO;
				ASSETCATALOG_COMPILER_GENERATE_SWIFT_ASSET_SYMBOL_EXTENSIONS = YES;
				CLANG_ANALYZER_NONNULL = YES;
				CLANG_ANALYZER_NUMBER_OBJECT_CONVERSION = YES_AGGRESSIVE;
				CLANG_CXX_LANGUAGE_STANDARD = "gnu++20";
				CLANG_ENABLE_MODULES = YES;
				CLANG_ENABLE_OBJC_ARC = YES;
				CLANG_ENABLE_OBJC_WEAK = YES;
				CLANG_WARN_BLOCK_CAPTURE_AUTORELEASING = YES;
				CLANG_WARN_BOOL_CONVERSION = YES;
				CLANG_WARN_COMMA = YES;
				CLANG_WARN_CONSTANT_CONVERSION = YES;
				CLANG_WARN_DEPRECATED_OBJC_IMPLEMENTATIONS = YES;
				CLANG_WARN_DIRECT_OBJC_ISA_USAGE = YES_ERROR;
				CLANG_WARN_DOCUMENTATION_COMMENTS = YES;
				CLANG_WARN_EMPTY_BODY = YES;
				CLANG_WARN_ENUM_CONVERSION = YES;
				CLANG_WARN_INFINITE_RECURSION = YES;
				CLANG_WARN_INT_CONVERSION = YES;
				CLANG_WARN_NON_LITERAL_NULL_CONVERSION = YES;
				CLANG_WARN_OBJC_IMPLICIT_RETAIN_SELF = YES;
				CLANG_WARN_OBJC_LITERAL_CONVERSION = YES;
				CLANG_WARN_OBJC_ROOT_CLASS = YES_ERROR;
				CLANG_WARN_QUOTED_INCLUDE_IN_FRAMEWORK_HEADER = YES;
				CLANG_WARN_RANGE_LOOP_ANALYSIS = YES;
				CLANG_WARN_STRICT_PROTOTYPES = YES;
				CLANG_WARN_SUSPICIOUS_MOVE = YES;
				CLANG_WARN_UNGUARDED_AVAILABILITY = YES_AGGRESSIVE;
				CLANG_WARN_UNREACHABLE_CODE = YES;
				CLANG_WARN__DUPLICATE_METHOD_MATCH = YES;
				COPY_PHASE_STRIP = NO;
				DEBUG_INFORMATION_FORMAT = dwarf;
				ENABLE_STRICT_OBJC_MSGSEND = YES;
				ENABLE_TESTABILITY = YES;
				ENABLE_USER_SCRIPT_SANDBOXING = YES;
				GCC_C_LANGUAGE_STANDARD = gnu17;
				GCC_DYNAMIC_NO_PIC = NO;
				GCC_NO_COMMON_BLOCKS = YES;
				GCC_OPTIMIZATION_LEVEL = 0;
				GCC_PREPROCESSOR_DEFINITIONS = (
					"DEBUG=1",
					"$(inherited)",
				);
				GCC_WARN_64_TO_32_BIT_CONVERSION = YES;
				GCC_WARN_ABOUT_RETURN_TYPE = YES_ERROR;
				GCC_WARN_UNDECLARED_SELECTOR = YES;
				GCC_WARN_UNINITIALIZED_AUTOS = YES_AGGRESSIVE;
				GCC_WARN_UNUSED_FUNCTION = YES;
				GCC_WARN_UNUSED_VARIABLE = YES;
				IPHONEOS_DEPLOYMENT_TARGET = 17.0;
				LOCALIZATION_PREFERS_STRING_CATALOGS = YES;
				MTL_ENABLE_DEBUG_INFO = INCLUDE_SOURCE;
				MTL_FAST_MATH = YES;
				ONLY_ACTIVE_ARCH = YES;
				SDKROOT = iphoneos;
				SWIFT_ACTIVE_COMPILATION_CONDITIONS = "DEBUG $(inherited)";
				SWIFT_OPTIMIZATION_LEVEL = "-Onone";
			};
			name = Debug;
		};
		54FC5BEB2B175E9E004863D4 /* Release */ = {
			isa = XCBuildConfiguration;
			buildSettings = {
				ALWAYS_SEARCH_USER_PATHS = NO;
				ASSETCATALOG_COMPILER_GENERATE_SWIFT_ASSET_SYMBOL_EXTENSIONS = YES;
				CLANG_ANALYZER_NONNULL = YES;
				CLANG_ANALYZER_NUMBER_OBJECT_CONVERSION = YES_AGGRESSIVE;
				CLANG_CXX_LANGUAGE_STANDARD = "gnu++20";
				CLANG_ENABLE_MODULES = YES;
				CLANG_ENABLE_OBJC_ARC = YES;
				CLANG_ENABLE_OBJC_WEAK = YES;
				CLANG_WARN_BLOCK_CAPTURE_AUTORELEASING = YES;
				CLANG_WARN_BOOL_CONVERSION = YES;
				CLANG_WARN_COMMA = YES;
				CLANG_WARN_CONSTANT_CONVERSION = YES;
				CLANG_WARN_DEPRECATED_OBJC_IMPLEMENTATIONS = YES;
				CLANG_WARN_DIRECT_OBJC_ISA_USAGE = YES_ERROR;
				CLANG_WARN_DOCUMENTATION_COMMENTS = YES;
				CLANG_WARN_EMPTY_BODY = YES;
				CLANG_WARN_ENUM_CONVERSION = YES;
				CLANG_WARN_INFINITE_RECURSION = YES;
				CLANG_WARN_INT_CONVERSION = YES;
				CLANG_WARN_NON_LITERAL_NULL_CONVERSION = YES;
				CLANG_WARN_OBJC_IMPLICIT_RETAIN_SELF = YES;
				CLANG_WARN_OBJC_LITERAL_CONVERSION = YES;
				CLANG_WARN_OBJC_ROOT_CLASS = YES_ERROR;
				CLANG_WARN_QUOTED_INCLUDE_IN_FRAMEWORK_HEADER = YES;
				CLANG_WARN_RANGE_LOOP_ANALYSIS = YES;
				CLANG_WARN_STRICT_PROTOTYPES = YES;
				CLANG_WARN_SUSPICIOUS_MOVE = YES;
				CLANG_WARN_UNGUARDED_AVAILABILITY = YES_AGGRESSIVE;
				CLANG_WARN_UNREACHABLE_CODE = YES;
				CLANG_WARN__DUPLICATE_METHOD_MATCH = YES;
				COPY_PHASE_STRIP = NO;
				DEBUG_INFORMATION_FORMAT = "dwarf-with-dsym";
				ENABLE_NS_ASSERTIONS = NO;
				ENABLE_STRICT_OBJC_MSGSEND = YES;
				ENABLE_USER_SCRIPT_SANDBOXING = YES;
				GCC_C_LANGUAGE_STANDARD = gnu17;
				GCC_NO_COMMON_BLOCKS = YES;
				GCC_WARN_64_TO_32_BIT_CONVERSION = YES;
				GCC_WARN_ABOUT_RETURN_TYPE = YES_ERROR;
				GCC_WARN_UNDECLARED_SELECTOR = YES;
				GCC_WARN_UNINITIALIZED_AUTOS = YES_AGGRESSIVE;
				GCC_WARN_UNUSED_FUNCTION = YES;
				GCC_WARN_UNUSED_VARIABLE = YES;
				IPHONEOS_DEPLOYMENT_TARGET = 17.0;
				LOCALIZATION_PREFERS_STRING_CATALOGS = YES;
				MTL_ENABLE_DEBUG_INFO = NO;
				MTL_FAST_MATH = YES;
				SDKROOT = iphoneos;
				SWIFT_COMPILATION_MODE = wholemodule;
				VALIDATE_PRODUCT = YES;
			};
			name = Release;
		};
		54FC5BED2B175E9E004863D4 /* Debug */ = {
			isa = XCBuildConfiguration;
			buildSettings = {
				ASSETCATALOG_COMPILER_APPICON_NAME = AppIcon;
				ASSETCATALOG_COMPILER_GLOBAL_ACCENT_COLOR_NAME = AccentColor;
				CODE_SIGN_STYLE = Automatic;
				CURRENT_PROJECT_VERSION = 1;
				DEVELOPMENT_ASSET_PATHS = "\"SwiftuiCrypto/Preview Content\"";
				DEVELOPMENT_TEAM = 7G8HP2JBMK;
				ENABLE_PREVIEWS = YES;
				GENERATE_INFOPLIST_FILE = YES;
				INFOPLIST_KEY_CFBundleDisplayName = "비트코인 차트";
				INFOPLIST_KEY_UIApplicationSceneManifest_Generation = YES;
				INFOPLIST_KEY_UIApplicationSupportsIndirectInputEvents = YES;
				INFOPLIST_KEY_UILaunchScreen_Generation = YES;
				INFOPLIST_KEY_UISupportedInterfaceOrientations = UIInterfaceOrientationPortrait;
				INFOPLIST_KEY_UISupportedInterfaceOrientations_iPad = "UIInterfaceOrientationLandscapeLeft UIInterfaceOrientationLandscapeRight UIInterfaceOrientationPortrait UIInterfaceOrientationPortraitUpsideDown";
				IPHONEOS_DEPLOYMENT_TARGET = 16.0;
				LD_RUNPATH_SEARCH_PATHS = (
					"$(inherited)",
					"@executable_path/Frameworks",
				);
				MARKETING_VERSION = 1.0;
				PRODUCT_BUNDLE_IDENTIFIER = KSH.SwiftuiCrypto;
				PRODUCT_NAME = "$(TARGET_NAME)";
				SUPPORTED_PLATFORMS = "iphoneos iphonesimulator";
				SUPPORTS_MACCATALYST = NO;
				SUPPORTS_MAC_DESIGNED_FOR_IPHONE_IPAD = NO;
				SWIFT_EMIT_LOC_STRINGS = YES;
				SWIFT_VERSION = 5.0;
				TARGETED_DEVICE_FAMILY = 1;
			};
			name = Debug;
		};
		54FC5BEE2B175E9E004863D4 /* Release */ = {
			isa = XCBuildConfiguration;
			buildSettings = {
				ASSETCATALOG_COMPILER_APPICON_NAME = AppIcon;
				ASSETCATALOG_COMPILER_GLOBAL_ACCENT_COLOR_NAME = AccentColor;
				CODE_SIGN_STYLE = Automatic;
				CURRENT_PROJECT_VERSION = 1;
				DEVELOPMENT_ASSET_PATHS = "\"SwiftuiCrypto/Preview Content\"";
				DEVELOPMENT_TEAM = 7G8HP2JBMK;
				ENABLE_PREVIEWS = YES;
				GENERATE_INFOPLIST_FILE = YES;
				INFOPLIST_KEY_CFBundleDisplayName = "비트코인 차트";
				INFOPLIST_KEY_UIApplicationSceneManifest_Generation = YES;
				INFOPLIST_KEY_UIApplicationSupportsIndirectInputEvents = YES;
				INFOPLIST_KEY_UILaunchScreen_Generation = YES;
				INFOPLIST_KEY_UISupportedInterfaceOrientations = UIInterfaceOrientationPortrait;
				INFOPLIST_KEY_UISupportedInterfaceOrientations_iPad = "UIInterfaceOrientationLandscapeLeft UIInterfaceOrientationLandscapeRight UIInterfaceOrientationPortrait UIInterfaceOrientationPortraitUpsideDown";
				IPHONEOS_DEPLOYMENT_TARGET = 16.0;
				LD_RUNPATH_SEARCH_PATHS = (
					"$(inherited)",
					"@executable_path/Frameworks",
				);
				MARKETING_VERSION = 1.0;
				PRODUCT_BUNDLE_IDENTIFIER = KSH.SwiftuiCrypto;
				PRODUCT_NAME = "$(TARGET_NAME)";
				SUPPORTED_PLATFORMS = "iphoneos iphonesimulator";
				SUPPORTS_MACCATALYST = NO;
				SUPPORTS_MAC_DESIGNED_FOR_IPHONE_IPAD = NO;
				SWIFT_EMIT_LOC_STRINGS = YES;
				SWIFT_VERSION = 5.0;
				TARGETED_DEVICE_FAMILY = 1;
			};
			name = Release;
		};
/* End XCBuildConfiguration section */

/* Begin XCConfigurationList section */
		54FC5BD92B175E9D004863D4 /* Build configuration list for PBXProject "SwiftuiCrypto" */ = {
			isa = XCConfigurationList;
			buildConfigurations = (
				54FC5BEA2B175E9E004863D4 /* Debug */,
				54FC5BEB2B175E9E004863D4 /* Release */,
			);
			defaultConfigurationIsVisible = 0;
			defaultConfigurationName = Release;
		};
		54FC5BEC2B175E9E004863D4 /* Build configuration list for PBXNativeTarget "SwiftuiCrypto" */ = {
			isa = XCConfigurationList;
			buildConfigurations = (
				54FC5BED2B175E9E004863D4 /* Debug */,
				54FC5BEE2B175E9E004863D4 /* Release */,
			);
			defaultConfigurationIsVisible = 0;
			defaultConfigurationName = Release;
		};
/* End XCConfigurationList section */

/* Begin XCVersionGroup section */
		54F16BF92B29975300C6E8AA /* PortfolioContainer.xcdatamodeld */ = {
			isa = XCVersionGroup;
			children = (
				54F16BFA2B29975300C6E8AA /* PortfolioContainer.xcdatamodel */,
				54F16BFB2B29975300C6E8AA /* Model.xcdatamodel */,
			);
			currentVersion = 54F16BFA2B29975300C6E8AA /* PortfolioContainer.xcdatamodel */;
			path = PortfolioContainer.xcdatamodeld;
			sourceTree = "<group>";
			versionGroupType = wrapper.xcdatamodel;
		};
/* End XCVersionGroup section */
	};
	rootObject = 54FC5BD62B175E9D004863D4 /* Project object */;
}
